<?xml version="1.0" encoding="utf-8"?>
<Project ToolsVersion="4.0" xmlns="http://schemas.microsoft.com/developer/msbuild/2003">
  <ItemGroup>
    <Filter Include="Source Files">
      <UniqueIdentifier>{4FC737F1-C7A5-4376-A066-2A32D752A2FF}</UniqueIdentifier>
      <Extensions>cpp;c;cc;cxx;c++;cppm;ixx;def;odl;idl;hpj;bat;asm;asmx</Extensions>
    </Filter>
    <Filter Include="Header Files">
      <UniqueIdentifier>{93995380-89BD-4b04-88EB-625FBE52EBFB}</UniqueIdentifier>
      <Extensions>h;hh;hpp;hxx;h++;hm;inl;inc;ipp;xsd</Extensions>
    </Filter>
    <Filter Include="Resource Files">
      <UniqueIdentifier>{67DA6AB6-F800-4c08-8B7A-83BB121AAD01}</UniqueIdentifier>
      <Extensions>rc;ico;cur;bmp;dlg;rc2;rct;bin;rgs;gif;jpg;jpeg;jpe;resx;tiff;tif;png;wav;mfcribbon-ms</Extensions>
    </Filter>
    <Filter Include="Commands">
      <UniqueIdentifier>{70585353-fc33-4085-8f86-507eb478927b}</UniqueIdentifier>
    </Filter>
    <Filter Include="Images">
      <UniqueIdentifier>{327c739c-38c5-4da7-acf1-f32e23fc3da0}</UniqueIdentifier>
    </Filter>
    <Filter Include="Transformations">
      <UniqueIdentifier>{1b4f9f3f-ee66-4640-b819-666787bd6883}</UniqueIdentifier>
    </Filter>
    <Filter Include="Application">
      <UniqueIdentifier>{2600f729-250a-4989-9d9f-a0092b9f2c1f}</UniqueIdentifier>
    </Filter>
    <Filter Include="Factories">
      <UniqueIdentifier>{810a0316-13e9-4d39-8f6d-60fb6f105ecd}</UniqueIdentifier>
    </Filter>
    <Filter Include="Session">
      <UniqueIdentifier>{82087aa4-356b-44ec-a570-dcbcb65e1e5b}</UniqueIdentifier>
    </Filter>
  </ItemGroup>
  <ItemGroup>
    <ClCompile Include="RasterGraphicsProject.cpp">
      <Filter>Source Files</Filter>
    </ClCompile>
    <ClCompile Include="UndoCommand.cpp">
      <Filter>Commands</Filter>
    </ClCompile>
    <ClCompile Include="TransformCommand.cpp">
      <Filter>Commands</Filter>
    </ClCompile>
    <ClCompile Include="SwitchCommand.cpp">
      <Filter>Commands</Filter>
    </ClCompile>
    <ClCompile Include="SessionInfoCommand.cpp">
      <Filter>Commands</Filter>
    </ClCompile>
    <ClCompile Include="SaveCommand.cpp">
      <Filter>Commands</Filter>
    </ClCompile>
    <ClCompile Include="SaveAsCommand.cpp">
      <Filter>Commands</Filter>
    </ClCompile>
    <ClCompile Include="LoadCommand.cpp">
      <Filter>Commands</Filter>
    </ClCompile>
    <ClCompile Include="CollageCommand.cpp">
      <Filter>Commands</Filter>
    </ClCompile>
    <ClCompile Include="AddCommand.cpp">
      <Filter>Commands</Filter>
    </ClCompile>
    <ClCompile Include="Command.cpp">
      <Filter>Commands</Filter>
    </ClCompile>
    <ClCompile Include="Image.cpp">
      <Filter>Images</Filter>
    </ClCompile>
    <ClCompile Include="PBMImage.cpp">
      <Filter>Images</Filter>
    </ClCompile>
    <ClCompile Include="PGMImage.cpp">
      <Filter>Images</Filter>
    </ClCompile>
    <ClCompile Include="PPMImage.cpp">
      <Filter>Images</Filter>
    </ClCompile>
    <ClCompile Include="Greyscale.cpp">
      <Filter>Transformations</Filter>
    </ClCompile>
    <ClCompile Include="Monochrome.cpp">
      <Filter>Transformations</Filter>
    </ClCompile>
    <ClCompile Include="Negative.cpp">
      <Filter>Transformations</Filter>
    </ClCompile>
    <ClCompile Include="Rotate.cpp">
      <Filter>Transformations</Filter>
    </ClCompile>
    <ClCompile Include="Transformation.cpp">
      <Filter>Transformations</Filter>
    </ClCompile>
    <ClCompile Include="Application.cpp">
      <Filter>Application</Filter>
    </ClCompile>
    <ClCompile Include="ImageFactory.cpp">
      <Filter>Factories</Filter>
    </ClCompile>
    <ClCompile Include="TransformationFactory.cpp">
      <Filter>Factories</Filter>
    </ClCompile>
    <ClCompile Include="Session.cpp">
      <Filter>Session</Filter>
    </ClCompile>
  </ItemGroup>
  <ItemGroup>
    <ClInclude Include="UndoCommand.h">
      <Filter>Commands</Filter>
    </ClInclude>
    <ClInclude Include="TransformCommand.h">
      <Filter>Commands</Filter>
    </ClInclude>
    <ClInclude Include="SwitchCommand.h">
      <Filter>Commands</Filter>
    </ClInclude>
    <ClInclude Include="SessionInfoCommand.h">
      <Filter>Commands</Filter>
    </ClInclude>
    <ClInclude Include="SaveCommand.h">
      <Filter>Commands</Filter>
    </ClInclude>
    <ClInclude Include="SaveAsCommand.h">
      <Filter>Commands</Filter>
    </ClInclude>
    <ClInclude Include="LoadCommand.h">
      <Filter>Commands</Filter>
    </ClInclude>
    <ClInclude Include="CollageCommand.h">
      <Filter>Commands</Filter>
    </ClInclude>
    <ClInclude Include="AddCommand.h">
      <Filter>Commands</Filter>
    </ClInclude>
    <ClInclude Include="Command.h">
      <Filter>Commands</Filter>
    </ClInclude>
    <ClInclude Include="PBMImage.h">
      <Filter>Images</Filter>
    </ClInclude>
    <ClInclude Include="PGMImage.h">
      <Filter>Images</Filter>
    </ClInclude>
    <ClInclude Include="PPMImage.h">
      <Filter>Images</Filter>
    </ClInclude>
    <ClInclude Include="Image.h">
      <Filter>Images</Filter>
    </ClInclude>
    <ClInclude Include="Transformation.h">
      <Filter>Transformations</Filter>
    </ClInclude>
    <ClInclude Include="Monochrome.h">
      <Filter>Transformations</Filter>
    </ClInclude>
    <ClInclude Include="Negative.h">
      <Filter>Transformations</Filter>
    </ClInclude>
    <ClInclude Include="Rotate.h">
      <Filter>Transformations</Filter>
    </ClInclude>
    <ClInclude Include="Greyscale.h">
      <Filter>Transformations</Filter>
    </ClInclude>
    <ClInclude Include="Application.h">
      <Filter>Application</Filter>
    </ClInclude>
    <ClInclude Include="ImageFactory.h">
      <Filter>Factories</Filter>
    </ClInclude>
    <ClInclude Include="TransformationFactory.h">
      <Filter>Factories</Filter>
    </ClInclude>
    <ClInclude Include="Session.h">
      <Filter>Session</Filter>
    </ClInclude>
  </ItemGroup>
</Project>